github.com/azyablov/srljrpc v0.9.3 h1:af/ESgC4AQMHt9crPOOLNL+Aol3OtlDt0/lEUW2b5fw=
github.com/azyablov/srljrpc v0.9.3/go.mod h1:MaQUclw6ATsw0KvDgQacQAqKoNuUNuqpCkD4nywcg1w=
github.com/azyablov/srljrpc v0.9.4 h1:5hDbNLhMeH/e9ZHJR4sP0skNv0mD2bYHE5qx3Zv8Gg0=
github.com/azyablov/srljrpc v0.9.4/go.mod h1:MaQUclw6ATsw0KvDgQacQAqKoNuUNuqpCkD4nywcg1w=
github.com/azyablov/srljrpc v0.9.5 h1:TJX7aAkLUF1m9g5jG0Ldb4Wgwoo9zXT1p1V8yg2J+nk=
github.com/azyablov/srljrpc v0.9.5/go.mod h1:MaQUclw6ATsw0KvDgQacQAqKoNuUNuqpCkD4nywcg1w=
github.com/google/go-cmp v0.5.9 h1:O2Tfq5qg4qc4AmwVlvv0oLiVAGB7enBSJ2x2DqQFi38=
